
Microsoft Visual Studio Solution File, Format Version 12.00
# Visual Studio 15
VisualStudioVersion = 15.0.28307.1209
MinimumVisualStudioVersion = 10.0.40219.1
Project("{FAE04EC0-301F-11D3-BF4B-00C04F79EFBC}") = "Zadacha1", "Zadacha1\Zadacha1.csproj", "{94A26E51-2476-4C3C-95A1-EAD8B48755D9}"
EndProject
Global
	GlobalSection(SolutionConfigurationPlatforms) = preSolution
		Debug|Any CPU = Debug|Any CPU
		Release|Any CPU = Release|Any CPU
	EndGlobalSection
	GlobalSection(ProjectConfigurationPlatforms) = postSolution
		{94A26E51-2476-4C3C-95A1-EAD8B48755D9}.Debug|Any CPU.ActiveCfg = Debug|Any CPU
		{94A26E51-2476-4C3C-95A1-EAD8B48755D9}.Debug|Any CPU.Build.0 = Debug|Any CPU
		{94A26E51-2476-4C3C-95A1-EAD8B48755D9}.Release|Any CPU.ActiveCfg = Release|Any CPU
		{94A26E51-2476-4C3C-95A1-EAD8B48755D9}.Release|Any CPU.Build.0 = Release|Any CPU
	EndGlobalSection
	GlobalSection(SolutionProperties) = preSolution
		HideSolutionNode = FALSE
	EndGlobalSection
	GlobalSection(ExtensibilityGlobals) = postSolution
		SolutionGuid = {3E7BC495-2171-4A6B-BD3D-C81D6082FFBA}
	EndGlobalSection
EndGlobal
